{
  "name": "collaborative-whiteboard",
  "version": "0.0.1",
  "lockfileVersion": 1,
  "requires": true,
  "dependencies": {
    "@types/md5": {
      "version": "2.1.33",
      "resolved": "https://registry.npmjs.org/@types/md5/-/md5-2.1.33.tgz",
      "integrity": "sha512-8+X960EtKLoSblhauxLKy3zzotagjoj3Jt1Tx9oaxUdZEPIBl+mkrUz6PNKpzJgkrKSN9YgkWTA29c0KnLshmA==",
      "dev": true,
      "requires": {
        "@types/node": "*"
      }
    },
    "@types/node": {
      "version": "12.0.3",
      "resolved": "https://registry.npmjs.org/@types/node/-/node-12.0.3.tgz",
      "integrity": "sha512-zkOxCS/fA+3SsdA+9Yun0iANxzhQRiNwTvJSr6N95JhuJ/x27z9G2URx1Jpt3zYFfCGUXZGL5UDxt5eyLE7wgw==",
      "dev": true
    }
  }
}
